version: 7
platforms:
- name: linux-64
  virtual-packages:
  - __unix=0=0
  - __linux=4.18
  - __glibc=2.28
  - __archspec=0=x86_64
environments:
  default:
    channels:
    - url: https://conda.anaconda.org/conda-forge/
    packages:
      linux-64:
      - conda: https://conda.anaconda.org/conda-forge/linux-64/_openmp_mutex-4.5-20_gnu.conda
      - conda: https://conda.anaconda.org/conda-forge/linux-64/binutils_impl_linux-64-2.46.1-default_hfdba357_102.conda
      - conda: https://conda.anaconda.org/conda-forge/linux-64/expat-2.8.5-hd2095e1_0.conda
      - conda: https://conda.anaconda.org/conda-forge/linux-64/fontconfig-2.18.3-h4db4eae_1.conda
      - conda: https://conda.anaconda.org/conda-forge/linux-64/freetype-2.14.3-ha770c72_2.conda
      - conda: https://conda.anaconda.org/conda-forge/linux-64/gcc_impl_linux-64-16.1.0-he1f67d1_0.conda
      - conda: https://conda.anaconda.org/conda-forge/linux-64/ld_impl_linux-64-2.46.1-default_hbd61a6d_102.conda
      - conda: https://conda.anaconda.org/conda-forge/linux-64/libexpat-2.8.5-hd2095e1_0.conda
      - conda: https://conda.anaconda.org/conda-forge/linux-64/libffi-3.7.0-h81df57d_1.conda
      - conda: https://conda.anaconda.org/conda-forge/linux-64/libfreetype-2.14.3-ha770c72_2.conda
      - conda: https://conda.anaconda.org/conda-forge/linux-64/libfreetype6-2.14.3-h5e6c136_2.conda
      - conda: https://conda.anaconda.org/conda-forge/linux-64/libgcc-16.1.0-ha9f2e26_0.conda
      - conda: https://conda.anaconda.org/conda-forge/linux-64/libgomp-16.1.0-he0feb66_0.conda
      - conda: https://conda.anaconda.org/conda-forge/linux-64/libiconv-1.18-h0cb94f2_3.conda
      - conda: https://conda.anaconda.org/conda-forge/linux-64/liblzma-5.8.3-hb03c661_1.conda
      - conda: https://conda.anaconda.org/conda-forge/linux-64/libpng-1.6.58-h922cc85_1.conda
      - conda: https://conda.anaconda.org/conda-forge/linux-64/libsanitizer-16.1.0-hf2715c6_0.conda
      - conda: https://conda.anaconda.org/conda-forge/linux-64/libstdcxx-16.1.0-h934c35e_0.conda
      - conda: https://conda.anaconda.org/conda-forge/linux-64/libuuid-2.42.4-hcfc3c73_0.conda
      - conda: https://conda.anaconda.org/conda-forge/linux-64/libxcb-1.17.0-hb83e432_2.conda
      - conda: https://conda.anaconda.org/conda-forge/linux-64/libxkbcommon-1.13.2-h51789e4_1.conda
      - conda: https://conda.anaconda.org/conda-forge/linux-64/libxml2-16-2.15.4-hbdfff7e_0.conda
      - conda: https://conda.anaconda.org/conda-forge/linux-64/libxml2-2.15.4-ha7a5771_0.conda
      - conda: https://conda.anaconda.org/conda-forge/linux-64/libzlib-1.3.2-h25fd6f3_2.conda
      - conda: https://conda.anaconda.org/conda-forge/linux-64/pkg-config-0.29.2-h1114479_1013.conda
      - conda: https://conda.anaconda.org/conda-forge/linux-64/pthread-stubs-0.4-h7cc23a3_1004.conda
      - conda: https://conda.anaconda.org/conda-forge/linux-64/rust-1.97.1-h53717f1_0.conda
      - conda: https://conda.anaconda.org/conda-forge/linux-64/wayland-1.26.0-hc1c935e_2.conda
      - conda: https://conda.anaconda.org/conda-forge/linux-64/xkeyboard-config-2.48-h280c20c_0.conda
      - conda: https://conda.anaconda.org/conda-forge/linux-64/xorg-libx11-1.8.13-he1eb515_1.conda
      - conda: https://conda.anaconda.org/conda-forge/linux-64/xorg-libxau-1.0.12-h7cc23a3_2.conda
      - conda: https://conda.anaconda.org/conda-forge/linux-64/xorg-libxdmcp-1.1.5-h7cc23a3_2.conda
      - conda: https://conda.anaconda.org/conda-forge/linux-64/zstd-1.5.7-hb78ec9c_6.conda
      - conda: https://conda.anaconda.org/conda-forge/noarch/kernel-headers_linux-64-4.18.0-he073ed8_9.conda
      - conda: https://conda.anaconda.org/conda-forge/noarch/libgcc-devel_linux-64-16.1.0-h59071f9_100.conda
      - conda: https://conda.anaconda.org/conda-forge/noarch/libstdcxx-devel_linux-64-16.1.0-h41cdd0d_100.conda
      - conda: https://conda.anaconda.org/conda-forge/noarch/rust-std-x86_64-unknown-linux-gnu-1.97.1-h2c6d0dc_0.conda
      - conda: https://conda.anaconda.org/conda-forge/noarch/sysroot_linux-64-2.28-h4ee821c_9.conda
      - conda: https://conda.anaconda.org/conda-forge/noarch/tzdata-2026c-h151e31d_0.conda
  windows-check:
    channels:
    - url: https://conda.anaconda.org/conda-forge/
    packages:
      linux-64:
      - conda: https://conda.anaconda.org/conda-forge/linux-64/_openmp_mutex-4.5-20_gnu.conda
      - conda: https://conda.anaconda.org/conda-forge/linux-64/binutils_impl_linux-64-2.46.1-default_hfdba357_102.conda
      - conda: https://conda.anaconda.org/conda-forge/linux-64/expat-2.8.5-hd2095e1_0.conda
      - conda: https://conda.anaconda.org/conda-forge/linux-64/fontconfig-2.18.3-h4db4eae_1.conda
      - conda: https://conda.anaconda.org/conda-forge/linux-64/freetype-2.14.3-ha770c72_2.conda
      - conda: https://conda.anaconda.org/conda-forge/linux-64/gcc_impl_linux-64-16.2.0-h9891192_7.conda
      - conda: https://conda.anaconda.org/conda-forge/linux-64/ld_impl_linux-64-2.46.1-default_hbd61a6d_102.conda
      - conda: https://conda.anaconda.org/conda-forge/linux-64/libexpat-2.8.5-hd2095e1_0.conda
      - conda: https://conda.anaconda.org/conda-forge/linux-64/libffi-3.7.0-h81df57d_1.conda
      - conda: https://conda.anaconda.org/conda-forge/linux-64/libfreetype-2.14.3-ha770c72_2.conda
      - conda: https://conda.anaconda.org/conda-forge/linux-64/libfreetype6-2.14.3-h5e6c136_2.conda
      - conda: https://conda.anaconda.org/conda-forge/linux-64/libgcc-16.2.0-ha9f2e26_7.conda
      - conda: https://conda.anaconda.org/conda-forge/linux-64/libgomp-16.2.0-he0feb66_7.conda
      - conda: https://conda.anaconda.org/conda-forge/linux-64/libiconv-1.18-h0cb94f2_3.conda
      - conda: https://conda.anaconda.org/conda-forge/linux-64/liblzma-5.8.3-hb03c661_1.conda
      - conda: https://conda.anaconda.org/conda-forge/linux-64/libpng-1.6.58-h922cc85_1.conda
      - conda: https://conda.anaconda.org/conda-forge/linux-64/libsanitizer-16.2.0-h3048135_7.conda
      - conda: https://conda.anaconda.org/conda-forge/linux-64/libstdcxx-16.2.0-h934c35e_7.conda
      - conda: https://conda.anaconda.org/conda-forge/linux-64/libuuid-2.42.4-hcfc3c73_0.conda
      - conda: https://conda.anaconda.org/conda-forge/linux-64/libxcb-1.17.0-hb83e432_2.conda
      - conda: https://conda.anaconda.org/conda-forge/linux-64/libxkbcommon-1.13.2-h51789e4_1.conda
      - conda: https://conda.anaconda.org/conda-forge/linux-64/libxml2-16-2.15.4-hbdfff7e_0.conda
      - conda: https://conda.anaconda.org/conda-forge/linux-64/libxml2-2.15.4-ha7a5771_0.conda
      - conda: https://conda.anaconda.org/conda-forge/linux-64/libzlib-1.3.2-h25fd6f3_3.conda
      - conda: https://conda.anaconda.org/conda-forge/linux-64/pkg-config-0.29.2-h1114479_1013.conda
      - conda: https://conda.anaconda.org/conda-forge/linux-64/pthread-stubs-0.4-h7cc23a3_1004.conda
      - conda: https://conda.anaconda.org/conda-forge/linux-64/rust-1.97.1-hc89c8c8_2.conda
      - conda: https://conda.anaconda.org/conda-forge/linux-64/wayland-1.26.0-hc1c935e_2.conda
      - conda: https://conda.anaconda.org/conda-forge/linux-64/xkeyboard-config-2.48-h280c20c_0.conda
      - conda: https://conda.anaconda.org/conda-forge/linux-64/xorg-libx11-1.8.13-he1eb515_1.conda
      - conda: https://conda.anaconda.org/conda-forge/linux-64/xorg-libxau-1.0.12-h7cc23a3_2.conda
      - conda: https://conda.anaconda.org/conda-forge/linux-64/xorg-libxdmcp-1.1.5-h7cc23a3_2.conda
      - conda: https://conda.anaconda.org/conda-forge/linux-64/zstd-1.5.7-hb78ec9c_7.conda
      - conda: https://conda.anaconda.org/conda-forge/noarch/kernel-headers_linux-64-4.18.0-he073ed8_9.conda
      - conda: https://conda.anaconda.org/conda-forge/noarch/libgcc-devel_linux-64-16.2.0-he3ce08f_107.conda
      - conda: https://conda.anaconda.org/conda-forge/noarch/libstdcxx-devel_linux-64-16.2.0-h86e191b_107.conda
      - conda: https://conda.anaconda.org/conda-forge/noarch/rust-std-x86_64-pc-windows-gnu-1.97.1-unix_2.conda
      - conda: https://conda.anaconda.org/conda-forge/noarch/rust-std-x86_64-unknown-linux-gnu-1.97.1-h2c6d0dc_2.conda
      - conda: https://conda.anaconda.org/conda-forge/noarch/sysroot_linux-64-2.28-h4ee821c_9.conda
      - conda: https://conda.anaconda.org/conda-forge/noarch/tzdata-2026c-h151e31d_0.conda
packages:
- conda: https://conda.anaconda.org/conda-forge/linux-64/_openmp_mutex-4.5-20_gnu.conda
  build_number: 20
  sha256: 1dd3fffd892081df9726d7eb7e0dea6198962ba775bd88842135a4ddb4deb3c9
  md5: a9f577daf3de00bca7c3c76c0ecbd1de
  depends:
  - __glibc >=2.17,<3.0.a0
  - libgomp >=7.5.0
  constrains:
  - openmp_impl <0.0a0
  license: BSD-3-Clause
  license_family: BSD
  run_exports:
    strong:
    - _openmp_mutex >=4.5
  size: 28948
  timestamp: 1770939786096
- conda: https://conda.anaconda.org/conda-forge/linux-64/binutils_impl_linux-64-2.46.1-default_hfdba357_102.conda
  sha256: fb7bf36984a37ce7e4714d1d1da0bd0e3bfc679520f5cdc184afc676fd4b5da2
  md5: a0c5e0b7f58c8ceeb08e5bc41251d5a2
  depends:
  - ld_impl_linux-64 2.46.1 default_hbd61a6d_102
  - sysroot_linux-64
  - zstd >=1.5.7,<1.6.0a0
  license: GPL-3.0-only
  license_family: GPL
  run_exports: {}
  size: 3713752
  timestamp: 1784214522814
- conda: https://conda.anaconda.org/conda-forge/linux-64/expat-2.8.5-hd2095e1_0.conda
  sha256: c18c5196847fbf5ba3653f13664bf1a57c87aaa063b87d77c246e3b040aa1963
  md5: 30a967b6ac673c8f21b64604a2b9ccd6
  depends:
  - __glibc >=2.17,<3.0.a0
  - libexpat 2.8.5 hd2095e1_0
  - libgcc >=15
  license: MIT
  license_family: MIT
  run_exports:
    weak:
    - libexpat >=2.8.5,<3.0a0
  size: 151545
  timestamp: 1790346253137
- conda: https://conda.anaconda.org/conda-forge/linux-64/fontconfig-2.18.3-h4db4eae_1.conda
  sha256: 5a3eb10b18a97223ab06b3a7f0d7f56658db2f2800e2f2af95836fe3bf55ba63
  md5: 922776b528a470ab5afa81fd42abfa1d
  depends:
  - __glibc >=2.17,<3.0.a0
  - libexpat >=2.8.1,<3.0a0
  - libfreetype >=2.14.3
  - libfreetype6 >=2.14.3
  - libgcc >=15
  - libuuid >=2.42.2,<3.0a0
  - libzlib >=1.3.2,<2.0a0
  license: MIT
  license_family: MIT
  run_exports:
    weak:
    - fontconfig >=2.18.3,<3.0a0
    - fonts-conda-ecosystem
  size: 296288
  timestamp: 1786667377340
- conda: https://conda.anaconda.org/conda-forge/linux-64/freetype-2.14.3-ha770c72_2.conda
  sha256: 612a8e0c1a6ecae23da54d81ef395f6ebb5c8e4468ec2611593ebce75876a4e0
  md5: 2d0ea23b23603e07ca47f23f949f67b6
  depends:
  - libfreetype 2.14.3 ha770c72_2
  - libfreetype6 2.14.3 h5e6c136_2
  license: GPL-2.0-only OR FTL
  run_exports:
    weak:
    - libfreetype >=2.14.3
    - libfreetype6 >=2.14.3
  size: 175239
  timestamp: 1786641011029
- conda: https://conda.anaconda.org/conda-forge/linux-64/gcc_impl_linux-64-16.1.0-he1f67d1_0.conda
  sha256: 56297621b3a62d39c61fe42c1891398b81d31be4b3bebf58abc0b7c5e5b59783
  md5: 198a8a9cab78e0ed550e814e17658278
  depends:
  - binutils_impl_linux-64 >=2.46.1
  - libgcc >=16.1.0
  - libgcc-devel_linux-64 16.1.0 h59071f9_100
  - libgomp >=16.1.0
  - libsanitizer 16.1.0 hf2715c6_0
  - libstdcxx >=16.1.0
  - libstdcxx-devel_linux-64 16.1.0 h41cdd0d_100
  - sysroot_linux-64
  license: GPL-3.0-only WITH GCC-exception-3.1
  run_exports: {}
  size: 82487370
  timestamp: 1785269643775
- conda: https://conda.anaconda.org/conda-forge/linux-64/gcc_impl_linux-64-16.2.0-h9891192_7.conda
  sha256: 14acaa661e4c4ef6c65606612b8b08f8f079c6a9e6da3ffcb77056685c675651
  md5: f548b09900fed2701931f8cf925d8b9b
  depends:
  - binutils_impl_linux-64 >=2.46.1
  - libgcc >=16.2.0
  - libgcc-devel_linux-64 16.2.0 he3ce08f_107
  - libgomp >=16.2.0
  - libsanitizer 16.2.0 h3048135_7
  - libstdcxx >=16.2.0
  - libstdcxx-devel_linux-64 16.2.0 h86e191b_107
  - sysroot_linux-64
  license: GPL-3.0-only WITH GCC-exception-3.1
  license_family: GPL
  run_exports: {}
  size: 86085260
  timestamp: 1790303193926
- conda: https://conda.anaconda.org/conda-forge/linux-64/ld_impl_linux-64-2.46.1-default_hbd61a6d_102.conda
  sha256: 27d83f1188cd19bcb7754a078b3fa7f4cfb8527f8eb2fde54dd01fc529d1adec
  md5: 449500f2c089da11c40f5c21312e3e07
  depends:
  - __glibc >=2.17,<3.0.a0
  - zstd >=1.5.7,<1.6.0a0
  constrains:
  - binutils_impl_linux-64 2.46.1
  license: GPL-3.0-only
  license_family: GPL
  run_exports: {}
  size: 745303
  timestamp: 1784214507189
- conda: https://conda.anaconda.org/conda-forge/linux-64/libexpat-2.8.5-hd2095e1_0.conda
  sha256: 6de73033a7c5f712c9c5a54124e4581e025691029835e5bceaf10a333a7e7bc0
  md5: 72cfd2b95b0540247220b42f58a148d7
  depends:
  - __glibc >=2.17,<3.0.a0
  - libgcc >=15
  constrains:
  - expat 2.8.5.*
  license: MIT
  license_family: MIT
  run_exports: {}
  size: 77893
  timestamp: 1790346247149
- conda: https://conda.anaconda.org/conda-forge/linux-64/libffi-3.7.0-h81df57d_1.conda
  sha256: c8c7583ef063bc3c430f1d48298e5ad24f796a35c22ed5b14183325825a61106
  md5: 6525a0b06aa4fd390795f0740636a9dd
  depends:
  - __glibc >=2.17,<3.0.a0
  - libgcc >=15
  license: MIT
  license_family: MIT
  run_exports:
    weak:
    - libffi >=3.7.0,<3.8.0a0
  size: 68004
  timestamp: 1787753412298
- conda: https://conda.anaconda.org/conda-forge/linux-64/libfreetype-2.14.3-ha770c72_2.conda
  sha256: fb12ecb46c30d18d928c0e8fc346ab13b5f6fc8a9cacae4f2f4bb188782586f5
  md5: f8054e759d0ddddaf34a5c8fedc900a1
  depends:
  - libfreetype6 >=2.14.3
  license: GPL-2.0-only OR FTL
  run_exports: {}
  size: 8407
  timestamp: 1786641007099
- conda: https://conda.anaconda.org/conda-forge/linux-64/libfreetype6-2.14.3-h5e6c136_2.conda
  sha256: ec607dd5445dd17ff6bf8b7fe6832e5504c226dd91d3aaea7ba83569808b0ce4
  md5: b72a266a9317036fd0464cb98b027cd0
  depends:
  - __glibc >=2.17,<3.0.a0
  - libgcc >=15
  - libpng >=1.6.58,<1.7.0a0
  - libzlib >=1.3.2,<2.0a0
  constrains:
  - freetype >=2.14.3
  license: GPL-2.0-only OR FTL
  run_exports: {}
  size: 387671
  timestamp: 1786641006460
- conda: https://conda.anaconda.org/conda-forge/linux-64/libgcc-16.1.0-ha9f2e26_0.conda
  sha256: c06e9c8c1836dda7ba50a5f427c1d7bdc4bd31426207c4553221c75ae49c3ec2
  md5: ebf54252821c52871cfc5f7d0c4511c6
  depends:
  - __glibc >=2.17,<3.0.a0
  - _openmp_mutex >=4.5
  constrains:
  - libgcc-ng ==16.1.0=*_0
  - libgomp 16.1.0 he0feb66_0
  license: GPL-3.0-only WITH GCC-exception-3.1
  run_exports: {}
  size: 1057873
  timestamp: 1785269541697
- conda: https://conda.anaconda.org/conda-forge/linux-64/libgcc-16.2.0-ha9f2e26_7.conda
  sha256: e031634c3a928f9594eba868bc46ef5230d6571a364a0c63215b06c4563bfcea
  md5: 735629b400b70eeab21a2ba8f5b1c2ce
  depends:
  - __glibc >=2.17,<3.0.a0
  - _openmp_mutex >=4.5
  constrains:
  - libgcc-ng ==16.2.0=*_7
  - libgomp 16.2.0 he0feb66_7
  license: GPL-3.0-only WITH GCC-exception-3.1
  license_family: GPL
  run_exports: {}
  size: 1058444
  timestamp: 1790303109576
- conda: https://conda.anaconda.org/conda-forge/linux-64/libgomp-16.1.0-he0feb66_0.conda
  sha256: 24b6406687ad439e989071e05e7ddbe5980e048650165e61fff40f906c55cc83
  md5: 3dd76c45d9e416a3c6e849c731068bde
  depends:
  - __glibc >=2.17,<3.0.a0
  license: GPL-3.0-only WITH GCC-exception-3.1
  run_exports:
    strong:
    - _openmp_mutex >=4.5
  size: 641292
  timestamp: 1785269468130
- conda: https://conda.anaconda.org/conda-forge/linux-64/libgomp-16.2.0-he0feb66_7.conda
  sha256: 92a0bb350c7be6a4eedcb4e111c60aefd176018e6b1c009a6e025dbe9bbcd758
  md5: d904c7ddd95e026254b4b80808ee9e12
  depends:
  - __glibc >=2.17,<3.0.a0
  license: GPL-3.0-only WITH GCC-exception-3.1
  license_family: GPL
  run_exports:
    strong:
    - _openmp_mutex >=4.5
  size: 640566
  timestamp: 1790303046034
- conda: https://conda.anaconda.org/conda-forge/linux-64/libiconv-1.18-h0cb94f2_3.conda
  sha256: f943117edb9cd4d9c61cc972eee5a34291dc55ea7a6e9e38da104995841cbcb6
  md5: f92233bf33e24a25668bb2119e2c51f9
  depends:
  - __glibc >=2.17,<3.0.a0
  - libgcc >=15
  license: LGPL-2.1-only
  run_exports:
    weak:
    - libiconv >=1.18,<2.0a0
  size: 789471
  timestamp: 1787033836207
- conda: https://conda.anaconda.org/conda-forge/linux-64/liblzma-5.8.3-hb03c661_1.conda
  sha256: 9787df8c22a59c9a70d3e5a10db9ad663485e75e9ccc3f09bd092cb7b95e0dab
  md5: 1390b7c5ac0b1d8e447bc5efa6d3c8c2
  depends:
  - __glibc >=2.17,<3.0.a0
  - libgcc >=14
  constrains:
  - xz 5.8.3.*
  license: 0BSD
  run_exports:
    weak:
    - liblzma >=5.8.3,<6.0a0
  size: 112995
  timestamp: 1786348617826
- conda: https://conda.anaconda.org/conda-forge/linux-64/libpng-1.6.58-h922cc85_1.conda
  sha256: c19eefb87d70d9b4b0629fa48414a155a47a1be4f04583ae71ed8c5a9a32fdcb
  md5: fcf71c8d979148873f6f8ad4cfc73d86
  depends:
  - __glibc >=2.17,<3.0.a0
  - libgcc >=15
  - libzlib >=1.3.2,<2.0a0
  license: zlib-acknowledgement
  run_exports:
    weak:
    - libpng >=1.6.58,<1.7.0a0
  size: 316643
  timestamp: 1786616563127
- conda: https://conda.anaconda.org/conda-forge/linux-64/libsanitizer-16.1.0-hf2715c6_0.conda
  sha256: ae74073737015e3b8f73bb9ab872a0cde2cbb54bfe0a685bd255791b5ef56b57
  md5: 1c66e40ac388b5cac9351a4912a4cf18
  depends:
  - __glibc >=2.17,<3.0.a0
  - libgcc >=16.1.0
  - libstdcxx >=16.1.0
  license: GPL-3.0-only WITH GCC-exception-3.1
  run_exports:
    weak:
    - libsanitizer 16.1.0
  size: 7988076
  timestamp: 1785269593359
- conda: https://conda.anaconda.org/conda-forge/linux-64/libsanitizer-16.2.0-h3048135_7.conda
  sha256: e383569c331239308a8663facb76208fc0e141131ff3d17c1c2e50f34716a5a9
  md5: 9cdd9af432fa4eb62094aaf6211425bf
  depends:
  - __glibc >=2.17,<3.0.a0
  - libgcc >=16.2.0
  - libstdcxx >=16.2.0
  license: GPL-3.0-only WITH GCC-exception-3.1
  license_family: GPL
  run_exports:
    weak:
    - libsanitizer 16.2.0
  size: 8115383
  timestamp: 1790303148068
- conda: https://conda.anaconda.org/conda-forge/linux-64/libstdcxx-16.1.0-h934c35e_0.conda
  sha256: a791d1b4bbdd8b6bfbe315b011d479975ab9524115035f474c70d7e438bca12f
  md5: 7f73f9e90fcb0f2f164e75061742c3d0
  depends:
  - __glibc >=2.17,<3.0.a0
  - libgcc 16.1.0 ha9f2e26_0
  constrains:
  - libstdcxx-ng ==16.1.0=*_0
  license: GPL-3.0-only WITH GCC-exception-3.1
  run_exports: {}
  size: 6626334
  timestamp: 1785269572774
- conda: https://conda.anaconda.org/conda-forge/linux-64/libstdcxx-16.2.0-h934c35e_7.conda
  sha256: fa7018298629fc429971fffd6ecba3d27a7b02e4e890d6a93ea01ffebe8cb745
  md5: 9b6707e0caca917fa6ea9ee473f37a5d
  depends:
  - __glibc >=2.17,<3.0.a0
  - libgcc 16.2.0 ha9f2e26_7
  constrains:
  - libstdcxx-ng ==16.2.0=*_7
  license: GPL-3.0-only WITH GCC-exception-3.1
  license_family: GPL
  run_exports: {}
  size: 6615436
  timestamp: 1790303132935
- conda: https://conda.anaconda.org/conda-forge/linux-64/libuuid-2.42.4-hcfc3c73_0.conda
  sha256: f34b8d1de9a2bf62476d8608057d9b8a918d97444236dc53a47128f2fae79041
  md5: 54a948337e66706380ff24d6b5fde63f
  depends:
  - libgcc >=15
  - __glibc >=2.17,<3.0.a0
  license: BSD-3-Clause
  license_family: BSD
  run_exports:
    weak:
    - libuuid >=2.42.4,<3.0a0
  size: 34442
  timestamp: 1790121449161
- conda: https://conda.anaconda.org/conda-forge/linux-64/libxcb-1.17.0-hb83e432_2.conda
  sha256: 7b49e6fd2a584b7f072943e6adf4149677af5121246975278804782d37752837
  md5: 61f0ffba9161cbb3a77722869b21e4bb
  depends:
  - __glibc >=2.17,<3.0.a0
  - libgcc >=15
  - pthread-stubs
  - xorg-libxau >=1.0.12,<2.0a0
  - xorg-libxdmcp >=1.1.5,<2.0a0
  license: MIT
  license_family: MIT
  run_exports:
    weak:
    - libxcb >=1.17.0,<2.0a0
  size: 395120
  timestamp: 1787885788278
- conda: https://conda.anaconda.org/conda-forge/linux-64/libxkbcommon-1.13.2-h51789e4_1.conda
  sha256: d44878d396713ccf3b355df617f61c40a1442fffcf134392bc6ce0e6c2219369
  md5: f888787e0eab7a8076a67d197e155ffc
  depends:
  - xkeyboard-config
  - libstdcxx >=14
  - libgcc >=14
  - __glibc >=2.17,<3.0.a0
  - libxcb >=1.17.0,<2.0a0
  - xorg-libxau >=1.0.12,<2.0a0
  - libxml2
  - libxml2-16 >=2.14.6
  license: MIT AND MIT-open-group AND HPND AND HPND-sell-variant AND ISC
  run_exports:
    weak:
    - libxkbcommon >=1.13.2,<2.0a0
  size: 942571
  timestamp: 1787178780572
- conda: https://conda.anaconda.org/conda-forge/linux-64/libxml2-16-2.15.4-hbdfff7e_0.conda
  sha256: b6f96287c408269f5067bb4f7a61693ff5c856152902362964d9807152b9c146
  md5: 176fa262c40e1141e9f364d3e4783795
  depends:
  - __glibc >=2.17,<3.0.a0
  - libgcc >=15
  - libiconv >=1.18,<2.0a0
  - liblzma >=5.8.3,<6.0a0
  - libzlib >=1.3.2,<2.0a0
  constrains:
  - icu <0.0a0
  - libxml2 2.15.4
  license: MIT
  license_family: MIT
  run_exports: {}
  size: 565717
  timestamp: 1788635209625
- conda: https://conda.anaconda.org/conda-forge/linux-64/libxml2-2.15.4-ha7a5771_0.conda
  sha256: db52c038430a508656530fc7b5650ae3e2629875693a6a256cc48dec203f8bfe
  md5: c322ae4591dfe866b2a9b1e8537fe805
  depends:
  - __glibc >=2.17,<3.0.a0
  - libgcc >=15
  - libiconv >=1.18,<2.0a0
  - liblzma >=5.8.3,<6.0a0
  - libxml2-16 2.15.4 hbdfff7e_0
  - libzlib >=1.3.2,<2.0a0
  constrains:
  - icu <0.0a0
  license: MIT
  license_family: MIT
  run_exports:
    weak:
    - libxml2
    - libxml2-16 >=2.15.4
  size: 46952
  timestamp: 1788635214834
- conda: https://conda.anaconda.org/conda-forge/linux-64/libzlib-1.3.2-h25fd6f3_2.conda
  sha256: 55044c403570f0dc26e6364de4dc5368e5f3fc7ff103e867c487e2b5ab2bcda9
  md5: d87ff7921124eccd67248aa483c23fec
  depends:
  - __glibc >=2.17,<3.0.a0
  constrains:
  - zlib 1.3.2 *_2
  license: Zlib
  license_family: Other
  run_exports:
    weak:
    - libzlib >=1.3.2,<2.0a0
  size: 63629
  timestamp: 1774072609062
- conda: https://conda.anaconda.org/conda-forge/linux-64/libzlib-1.3.2-h25fd6f3_3.conda
  sha256: eb8a0db0aa570124f7d2a93d7c7f596e3390df5e047818d873baad32985fc736
  md5: 0de0122d9570a8ab637c6b73db268389
  depends:
  - __glibc >=2.17,<3.0.a0
  constrains:
  - zlib 1.3.2 *_3
  license: Zlib
  license_family: Other
  run_exports:
    weak:
    - libzlib >=1.3.2,<2.0a0
  size: 63713
  timestamp: 1785362952714
- conda: https://conda.anaconda.org/conda-forge/linux-64/pkg-config-0.29.2-h1114479_1013.conda
  sha256: 8f27ee1b6166c5be505dba4b0dd0f3b3b81ddec811f6118cc337b90cbd3937a4
  md5: 0aab2923309084c5f89ef32cd39a19b2
  depends:
  - libgcc >=15
  - __glibc >=2.17,<3.0.a0
  license: GPL-2.0-or-later
  license_family: GPL
  run_exports: {}
  size: 141376
  timestamp: 1788677377648
- conda: https://conda.anaconda.org/conda-forge/linux-64/pthread-stubs-0.4-h7cc23a3_1004.conda
  sha256: 4a44fd00ea73b79ca2c89b0727b9ccf61c506ead71e67a9abfa4c590042b5a4a
  md5: bb66b610707b811e3c65181a6431e7a8
  depends:
  - __glibc >=2.17,<3.0.a0
  - libgcc >=15
  license: MIT
  license_family: MIT
  run_exports: {}
  size: 9630
  timestamp: 1788381877753
- conda: https://conda.anaconda.org/conda-forge/linux-64/rust-1.97.1-h53717f1_0.conda
  sha256: 66f7e7d46602a4fdc20769ef33cb30229983b3cfe8fb447bb2d2081e895383ef
  md5: f0d36652f4d8bbe4a51de53414f15db2
  depends:
  - __glibc >=2.17,<3.0.a0
  - gcc_impl_linux-64
  - libgcc >=14
  - libzlib >=1.3.2,<2.0a0
  - rust-std-x86_64-unknown-linux-gnu 1.97.1 h2c6d0dc_0
  - sysroot_linux-64 >=2.17
  license: MIT
  license_family: MIT
  run_exports:
    strong_constrains:
    - __glibc >=2.17
  size: 173497457
  timestamp: 1784279883262
- conda: https://conda.anaconda.org/conda-forge/linux-64/rust-1.97.1-hc89c8c8_2.conda
  sha256: b96f3c4a8a1fd896d77bbfc39dfc82e5135343c7e572fd795cfdcb3508c1ad33
  md5: 90838e4a8933fcbf5d817adde1aa9e02
  depends:
  - __glibc >=2.17,<3.0.a0
  - gcc_impl_linux-64
  - libgcc >=15
  - libzlib >=1.3.2,<2.0a0
  - rust-std-x86_64-unknown-linux-gnu 1.97.1 h2c6d0dc_2
  - sysroot_linux-64 >=2.17
  license: MIT
  license_family: MIT
  run_exports:
    strong_constrains:
    - __glibc >=2.17
  size: 173354213
  timestamp: 1787153431342
- conda: https://conda.anaconda.org/conda-forge/linux-64/wayland-1.26.0-hc1c935e_2.conda
  sha256: df65b987979e6d7f88e756494da5a230d4f2d08d17437d04eecd35559c3a04e4
  md5: 88a47e22b53e50865b1cabe2eb648352
  depends:
  - __glibc >=2.17,<3.0.a0
  - libexpat >=2.8.1,<3.0a0
  - libffi >=3.7.0,<3.8.0a0
  - libgcc >=15
  - libstdcxx >=15
  license: MIT
  license_family: MIT
  run_exports:
    weak:
    - wayland >=1.26.0,<2.0a0
  size: 340058
  timestamp: 1787793849093
- conda: https://conda.anaconda.org/conda-forge/linux-64/xkeyboard-config-2.48-h280c20c_0.conda
  sha256: 3b04afd5d1a65d2d27ac2d49a63b01ab8bcd875776779ec63e337370ed38afdc
  md5: b233b41be0bf210989d57160ed39b394
  depends:
  - libgcc >=14
  - __glibc >=2.17,<3.0.a0
  - xorg-libx11 >=1.8.13,<2.0a0
  license: MIT
  license_family: MIT
  run_exports: {}
  size: 441670
  timestamp: 1782027360439
- conda: https://conda.anaconda.org/conda-forge/linux-64/xorg-libx11-1.8.13-he1eb515_1.conda
  sha256: 68053eebfa9f0d91666786c8fb5839d989aa9b869add92cb8815228bb2d7302c
  md5: 8c282bbe4808a3cc80a5c98e9aec1cfc
  depends:
  - __glibc >=2.17,<3.0.a0
  - libgcc >=14
  - libxcb >=1.17.0,<2.0a0
  license: MIT
  license_family: MIT
  run_exports:
    weak:
    - xorg-libx11 >=1.8.13,<2.0a0
  size: 839578
  timestamp: 1787087012372
- conda: https://conda.anaconda.org/conda-forge/linux-64/xorg-libxau-1.0.12-h7cc23a3_2.conda
  sha256: 3ec065b94554dc48a4ca582a960a5484bc166b26e83ce0954653e08d17e8bd53
  md5: da33efee1a93603d92e06d4a2b68def6
  depends:
  - __glibc >=2.17,<3.0.a0
  - libgcc >=15
  license: MIT
  license_family: MIT
  run_exports:
    weak:
    - xorg-libxau >=1.0.12,<2.0a0
  size: 18793
  timestamp: 1788960512381
- conda: https://conda.anaconda.org/conda-forge/linux-64/xorg-libxdmcp-1.1.5-h7cc23a3_2.conda
  sha256: 8a095df9bc1d2e50f2504ce8858a047ae29ea634aad6cc0b43298c63361da6d9
  md5: eabfc45786244de252090cf8d55128a8
  depends:
  - __glibc >=2.17,<3.0.a0
  - libgcc >=15
  license: MIT
  license_family: MIT
  run_exports:
    weak:
    - xorg-libxdmcp >=1.1.5,<2.0a0
  size: 22606
  timestamp: 1789676943335
- conda: https://conda.anaconda.org/conda-forge/linux-64/zstd-1.5.7-hb78ec9c_6.conda
  sha256: 68f0206ca6e98fea941e5717cec780ed2873ffabc0e1ed34428c061e2c6268c7
  md5: 4a13eeac0b5c8e5b8ab496e6c4ddd829
  depends:
  - __glibc >=2.17,<3.0.a0
  - libzlib >=1.3.1,<2.0a0
  license: BSD-3-Clause
  license_family: BSD
  run_exports:
    weak:
    - zstd >=1.5.7,<1.6.0a0
  size: 601375
  timestamp: 1764777111296
- conda: https://conda.anaconda.org/conda-forge/linux-64/zstd-1.5.7-hb78ec9c_7.conda
  sha256: 47d682b9f6d6ec9eb1a6e6c3e75ea6273e899e78fb7fc59f81d39745009fbc60
  md5: aa459086047c0e5e27023ab19f8cb86a
  depends:
  - __glibc >=2.17,<3.0.a0
  - libzlib >=1.3.2,<2.0a0
  license: BSD-3-Clause
  license_family: BSD
  run_exports:
    weak:
    - zstd >=1.5.7,<1.6.0a0
  size: 601301
  timestamp: 1786599621503
- conda: https://conda.anaconda.org/conda-forge/noarch/kernel-headers_linux-64-4.18.0-he073ed8_9.conda
  sha256: 41557eeadf641de6aeae49486cef30d02a6912d8da98585d687894afd65b356a
  md5: 86d9cba083cd041bfbf242a01a7a1999
  constrains:
  - sysroot_linux-64 ==2.28
  license: LGPL-2.0-or-later AND LGPL-2.0-or-later WITH exceptions AND GPL-2.0-or-later
  license_family: GPL
  run_exports: {}
  size: 1278712
  timestamp: 1765578681495
- conda: https://conda.anaconda.org/conda-forge/noarch/libgcc-devel_linux-64-16.1.0-h59071f9_100.conda
  sha256: df4fe3b79d1d2ead0278471916889338d5ac0f499d84cfadb5726ed5c19c6126
  md5: 80e710e02e95a536fa138a83356a7785
  depends:
  - __unix
  license: GPL-3.0-only WITH GCC-exception-3.1
  run_exports: {}
  size: 3095736
  timestamp: 1785269454756
- conda: https://conda.anaconda.org/conda-forge/noarch/libgcc-devel_linux-64-16.2.0-he3ce08f_107.conda
  sha256: f1e7465f6b53f89b325e441c30ad7b19407b051eca556b6d0386ec05513b8e76
  md5: f689d67c3e828fe80ff290d15f361bc5
  depends:
  - __unix
  license: GPL-3.0-only WITH GCC-exception-3.1
  license_family: GPL
  run_exports: {}
  size: 3099665
  timestamp: 1790302976359
- conda: https://conda.anaconda.org/conda-forge/noarch/libstdcxx-devel_linux-64-16.1.0-h41cdd0d_100.conda
  sha256: f6199ea05e7fbb18402f41dfd8fae106383a6972c8280d9a4e8c80d43883a173
  md5: 5ebe0a6670537780b8e69ce31ee54235
  depends:
  - __unix
  license: GPL-3.0-only WITH GCC-exception-3.1
  run_exports: {}
  size: 23423003
  timestamp: 1785269480792
- conda: https://conda.anaconda.org/conda-forge/noarch/libstdcxx-devel_linux-64-16.2.0-h86e191b_107.conda
  sha256: ebbad84bdebd8a9964020d74dcce0f211f1431878c66326f6115dcb59e4c3469
  md5: a713d3c09518a9fc8f603ac0e157263c
  depends:
  - __unix
  license: GPL-3.0-only WITH GCC-exception-3.1
  license_family: GPL
  run_exports: {}
  size: 23329491
  timestamp: 1790303058123
- conda: https://conda.anaconda.org/conda-forge/noarch/rust-std-x86_64-pc-windows-gnu-1.97.1-unix_2.conda
  sha256: 1ac57b0fd0eeb5d738abc898381e2ee07c75ef2e071545b48451db9aa90db1ab
  md5: 7e02fc8ef2670bd56aa7f05c18c9e069
  depends:
  - __unix
  constrains:
  - rust >=1.97.1,<1.97.2.0a0
  license: MIT
  license_family: MIT
  run_exports: {}
  size: 32558300
  timestamp: 1787153277689
- conda: https://conda.anaconda.org/conda-forge/noarch/rust-std-x86_64-unknown-linux-gnu-1.97.1-h2c6d0dc_0.conda
  sha256: a00778be0151d1351d45b2f7b9f986321b682e132acabbc585992375c7cc4f8d
  md5: d530601fa0c954eda9b76db577e95315
  depends:
  - __unix
  constrains:
  - rust >=1.97.1,<1.97.2.0a0
  license: MIT
  license_family: MIT
  run_exports: {}
  size: 37492970
  timestamp: 1784279804310
- conda: https://conda.anaconda.org/conda-forge/noarch/rust-std-x86_64-unknown-linux-gnu-1.97.1-h2c6d0dc_2.conda
  sha256: 5d42538c42f2e57dcbd6a8e11c4f1f98d1c96c40cd189ae7543123d45dacaa3d
  md5: b6616e82c76df396a08d07c3218f52c4
  depends:
  - __unix
  constrains:
  - rust >=1.97.1,<1.97.2.0a0
  license: MIT
  license_family: MIT
  run_exports: {}
  size: 37611715
  timestamp: 1787153356340
- conda: https://conda.anaconda.org/conda-forge/noarch/sysroot_linux-64-2.28-h4ee821c_9.conda
  sha256: c47299fe37aebb0fcf674b3be588e67e4afb86225be4b0d452c7eb75c086b851
  md5: 13dc3adbc692664cd3beabd216434749
  depends:
  - __glibc >=2.28
  - kernel-headers_linux-64 4.18.0 he073ed8_9
  - tzdata
  license: LGPL-2.0-or-later AND LGPL-2.0-or-later WITH exceptions AND GPL-2.0-or-later
  license_family: GPL
  run_exports:
    strong:
    - __glibc >=2.28,<3.0.a0
  size: 24008591
  timestamp: 1765578833462
- conda: https://conda.anaconda.org/conda-forge/noarch/tzdata-2026c-h151e31d_0.conda
  sha256: b928c30ddcb0e3f544c6eade8352737e6e610e263276b90232db6a578ef899d8
  md5: fcb489df604d100968b737f2cb6076c6
  license: LicenseRef-Public-Domain
  run_exports: {}
  size: 118849
  timestamp: 1784250406640
